# THIS IS AN AUTOGENERATED FILE. DO NOT EDIT THIS FILE DIRECTLY.
# yarn lockfile v1


"@deno/shim-deno-test@^0.5.0":
  version "0.5.0"
  resolved "https://registry.yarnpkg.com/@deno/shim-deno-test/-/shim-deno-test-0.5.0.tgz#7d5dd221c736d182e587b8fd9bfca49b4dc0aa79"
  integrity sha512-4nMhecpGlPi0cSzT67L+Tm+GOJqvuk8gqHBziqcUQOarnuIax1z96/gJHCSIz2Z0zhxE6Rzwb3IZXPtFh51j+w==

"@deno/shim-deno@~0.18.0":
  version "0.18.2"
  resolved "https://registry.yarnpkg.com/@deno/shim-deno/-/shim-deno-0.18.2.tgz#9fe2fe7c91062bf2d127204f3110c09806cbef92"
  integrity sha512-oQ0CVmOio63wlhwQF75zA4ioolPvOwAoK0yuzcS5bDC1JUvH3y1GS8xPh8EOpcoDQRU4FTG8OQfxhpR+c6DrzA==
  dependencies:
    "@deno/shim-deno-test" "^0.5.0"
    which "^4.0.0"

"@fluent/bundle@^0.17.1":
  version "0.17.1"
  resolved "https://registry.yarnpkg.com/@fluent/bundle/-/bundle-0.17.1.tgz#239388f55f115dca593f268d48a5ab8936dc9556"
  integrity sha512-CRFNT9QcSFAeFDneTF59eyv3JXFGhIIN4boUO2y22YmsuuKLyDk+N1I/NQUYz9Ab63e6V7T6vItoZIG/2oOOuw==

"@fluent/langneg@^0.6.2":
  version "0.6.2"
  resolved "https://registry.yarnpkg.com/@fluent/langneg/-/langneg-0.6.2.tgz#95e5261c27c7f3cb6237deb62aa1b7006a9bd17d"
  integrity sha512-YF4gZ4sLYRQfctpUR2uhb5UyPUYY5n/bi3OaED/Q4awKjPjlaF8tInO3uja7pnLQcmLTURkZL7L9zxv2Z5NDwg==

"@grammyjs/chat-members@^1.1.0":
  version "1.1.0"
  resolved "https://registry.yarnpkg.com/@grammyjs/chat-members/-/chat-members-1.1.0.tgz#6ef74f2328e3723f4075e0ed6e98e336055e9527"
  integrity sha512-XwPd3XVL+r43xYrBUdD2Tiu1UU4Zx9flT+Us9JW3vnepDQ4TISSQuHHPZ0TuRa69HsKXNaMt0U2H6yU34EJQ3w==

"@grammyjs/i18n@^1.1.2":
  version "1.1.2"
  resolved "https://registry.yarnpkg.com/@grammyjs/i18n/-/i18n-1.1.2.tgz#c0d3c4af3677b1c42d8ed0dd41d93e823b35bd86"
  integrity sha512-PcK06mxuDDZjxdZ5HywBhr+erEITsR816KP4DNIDDds1jpA45pfz/nS9FdZmzF8H6lMyPix3mV5WL1rT4q+BuA==
  dependencies:
    "@deno/shim-deno" "~0.18.0"
    "@fluent/bundle" "^0.17.1"
    "@fluent/langneg" "^0.6.2"

"@grammyjs/menu@^1.2.2":
  version "1.2.2"
  resolved "https://registry.yarnpkg.com/@grammyjs/menu/-/menu-1.2.2.tgz#ecd6ce1a6439c90c30aea31d7d5e10a8f2e90593"
  integrity sha512-qrlGn9KFoy9ivVkC4wQnuCpgWc59VzDdj7r7szt432UnddKPk8NZDwVE1HDiaNnuyDV0K58OCp165dXrijmLWw==

"@grammyjs/types@3.14.0":
  version "3.14.0"
  resolved "https://registry.yarnpkg.com/@grammyjs/types/-/types-3.14.0.tgz#41357af98551da47ef151b7f6cff774ac91fa654"
  integrity sha512-uUVikYAiHNU8CvkeQ6YA/QPbMLgTTpFVLp83VkXCs423w6cDsvfdA6bcrQJGUnc/Q6zHQXXZUftXDYl2b/6L4A==

"@types/node@^22.8.4":
  version "22.8.4"
  resolved "https://registry.yarnpkg.com/@types/node/-/node-22.8.4.tgz#ab754f7ac52e1fe74174f761c5b03acaf06da0dc"
  integrity sha512-SpNNxkftTJOPk0oN+y2bIqurEXHTA2AOZ3EJDDKeJ5VzkvvORSvmQXGQarcOzWV1ac7DCaPBEdMDxBsM+d8jWw==
  dependencies:
    undici-types "~6.19.8"

abort-controller@^3.0.0:
  version "3.0.0"
  resolved "https://registry.yarnpkg.com/abort-controller/-/abort-controller-3.0.0.tgz#eaf54d53b62bae4138e809ca225c8439a6efb392"
  integrity sha512-h8lQ8tacZYnR3vNQTgibj+tODHI5/+l06Au2Pcriv/Gmet0eaj4TwWH41sO9wnHDiQsEj19q0drzdWdeAHtweg==
  dependencies:
    event-target-shim "^5.0.0"

debug@^4.3.4:
  version "4.3.7"
  resolved "https://registry.yarnpkg.com/debug/-/debug-4.3.7.tgz#87945b4151a011d76d95a198d7111c865c360a52"
  integrity sha512-Er2nc/H7RrMXZBFCEim6TCmMk02Z8vLC2Rbi1KEBggpo0fS6l0S1nnapwmIi3yW/+GOJap1Krg4w0Hg80oCqgQ==
  dependencies:
    ms "^2.1.3"

dotenv@^16.4.5:
  version "16.4.5"
  resolved "https://registry.yarnpkg.com/dotenv/-/dotenv-16.4.5.tgz#cdd3b3b604cb327e286b4762e13502f717cb099f"
  integrity sha512-ZmdL2rui+eB2YwhsWzjInR8LldtZHGDoQ1ugH85ppHKwpUHL7j7rN0Ti9NCnGiQbhaZ11FpR+7ao1dNsmduNUg==

event-target-shim@^5.0.0:
  version "5.0.1"
  resolved "https://registry.yarnpkg.com/event-target-shim/-/event-target-shim-5.0.1.tgz#5d4d3ebdf9583d63a5333ce2deb7480ab2b05789"
  integrity sha512-i/2XbnSz/uxRCU6+NdVJgKWDTM427+MqYbkQzD321DuCQJUqOuJKIA0IM2+W2xtYHdKOmZ4dR6fExsd4SXL+WQ==

grammy@^1.30.1:
  version "1.30.1"
  resolved "https://registry.yarnpkg.com/grammy/-/grammy-1.30.1.tgz#edc4da20f1cb5559c587f41ba55cb3229148d878"
  integrity sha512-k7Ggvmiaxh/bkI22g/gIL4zCvTIwSNTjreObbEMxIsUkEpv9ZNylJaPONAZHWsojVws5f8r1RL6CjOYs02iGTQ==
  dependencies:
    "@grammyjs/types" "3.14.0"
    abort-controller "^3.0.0"
    debug "^4.3.4"
    node-fetch "^2.7.0"

isexe@^3.1.1:
  version "3.1.1"
  resolved "https://registry.yarnpkg.com/isexe/-/isexe-3.1.1.tgz#4a407e2bd78ddfb14bea0c27c6f7072dde775f0d"
  integrity sha512-LpB/54B+/2J5hqQ7imZHfdU31OlgQqx7ZicVlkm9kzg9/w8GKLEcFfJl/t7DCEDueOyBAD6zCCwTO6Fzs0NoEQ==

ms@^2.1.3:
  version "2.1.3"
  resolved "https://registry.yarnpkg.com/ms/-/ms-2.1.3.tgz#574c8138ce1d2b5861f0b44579dbadd60c6615b2"
  integrity sha512-6FlzubTLZG3J2a/NVCAleEhjzq5oxgHyaCU9yYXvcLsvoVaHJq/s5xXI6/XXP6tz7R9xAOtHnSO/tXtF3WRTlA==

node-fetch@^2.7.0:
  version "2.7.0"
  resolved "https://registry.yarnpkg.com/node-fetch/-/node-fetch-2.7.0.tgz#d0f0fa6e3e2dc1d27efcd8ad99d550bda94d187d"
  integrity sha512-c4FRfUm/dbcWZ7U+1Wq0AwCyFL+3nt2bEw05wfxSz+DWpWsitgmSgYmy2dQdWyKC1694ELPqMs/YzUSNozLt8A==
  dependencies:
    whatwg-url "^5.0.0"

tr46@~0.0.3:
  version "0.0.3"
  resolved "https://registry.yarnpkg.com/tr46/-/tr46-0.0.3.tgz#8184fd347dac9cdc185992f3a6622e14b9d9ab6a"
  integrity sha512-N3WMsuqV66lT30CrXNbEjx4GEwlow3v6rr4mCcv6prnfwhS01rkgyFdjPNBYd9br7LpXV1+Emh01fHnq2Gdgrw==

typescript@^5.6.3:
  version "5.6.3"
  resolved "https://registry.yarnpkg.com/typescript/-/typescript-5.6.3.tgz#5f3449e31c9d94febb17de03cc081dd56d81db5b"
  integrity sha512-hjcS1mhfuyi4WW8IWtjP7brDrG2cuDZukyrYrSauoXGNgx0S7zceP07adYkJycEr56BOUTNPzbInooiN3fn1qw==

undici-types@~6.19.8:
  version "6.19.8"
  resolved "https://registry.yarnpkg.com/undici-types/-/undici-types-6.19.8.tgz#35111c9d1437ab83a7cdc0abae2f26d88eda0a02"
  integrity sha512-ve2KP6f/JnbPBFyobGHuerC9g1FYGn/F8n1LWTwNxCEzd6IfqTwUQcNXgEtmmQ6DlRrC1hrSrBnCZPokRrDHjw==

webidl-conversions@^3.0.0:
  version "3.0.1"
  resolved "https://registry.yarnpkg.com/webidl-conversions/-/webidl-conversions-3.0.1.tgz#24534275e2a7bc6be7bc86611cc16ae0a5654871"
  integrity sha512-2JAn3z8AR6rjK8Sm8orRC0h/bcl/DqL7tRPdGZ4I1CjdF+EaMLmYxBHyXuKL849eucPFhvBoxMsflfOb8kxaeQ==

whatwg-url@^5.0.0:
  version "5.0.0"
  resolved "https://registry.yarnpkg.com/whatwg-url/-/whatwg-url-5.0.0.tgz#966454e8765462e37644d3626f6742ce8b70965d"
  integrity sha512-saE57nupxk6v3HY35+jzBwYa0rKSy0XR8JSxZPwgLr7ys0IBzhGviA1/TUGJLmSVqs8pb9AnvICXEuOHLprYTw==
  dependencies:
    tr46 "~0.0.3"
    webidl-conversions "^3.0.0"

which@^4.0.0:
  version "4.0.0"
  resolved "https://registry.yarnpkg.com/which/-/which-4.0.0.tgz#cd60b5e74503a3fbcfbf6cd6b4138a8bae644c1a"
  integrity sha512-GlaYyEb07DPxYCKhKzplCWBJtvxZcZMrL+4UkrTSJHHPyZU4mYYTv3qaOe77H7EODLSSopAUFAc6W8U4yqvscg==
  dependencies:
    isexe "^3.1.1"
